{
    "name": "user-create",
    "version": "1.0.0",
    "lockfileVersion": 3,
    "requires": true,
    "packages": {
        "": {
            "name": "user-create",
            "version": "1.0.0",
            "license": "MIT",
            "dependencies": {
                "dynamodbjs": "file:../../commonjs/dynamodbjs",
                "sharedjs": "file:../../commonjs/sharedjs"
            },
            "devDependencies": {}
        },
        "../../commonjs/dynamodbjs": {
            "version": "1.0.0",
            "license": "MIT",
            "dependencies": {
                "dotenv": "16.5.0",
                "sharedjs": "file:../sharedjs"
            },
            "devDependencies": {
                "@aws-sdk/client-dynamodb": "3.788.0",
                "@aws-sdk/util-dynamodb": "3.788.0"
            }
        },
        "../../commonjs/sharedjs": {
            "version": "1.0.0",
            "license": "MIT",
            "dependencies": {
                "dotenv": "16.5.0",
                "jsonwebtoken": "9.0.2"
            },
            "devDependencies": {}
        },
        "node_modules/dynamodbjs": {
            "resolved": "../../commonjs/dynamodbjs",
            "link": true
        },
        "node_modules/sharedjs": {
            "resolved": "../../commonjs/sharedjs",
            "link": true
        }
    }
}
